
Microsoft Visual Studio Solution File, Format Version 12.00
# Visual Studio Version 17
VisualStudioVersion = 17.14.36202.13 d17.14
MinimumVisualStudioVersion = 10.0.40219.1
Project("{FAE04EC0-301F-11D3-BF4B-00C04F79EFBC}") = "LoveAndMarriage", "LoveAndMarriage\LoveAndMarriage.csproj", "{4C5C85FB-2179-4B1E-8619-1DC684552E87}"
EndProject
Project("{FAE04EC0-301F-11D3-BF4B-00C04F79EFBC}") = "Shared", "Shared\Shared.csproj", "{1F715558-D442-4E15-A0E5-4E54FC9C6226}"
EndProject
Project("{FAE04EC0-301F-11D3-BF4B-00C04F79EFBC}") = "Domain", "Domain\Domain.csproj", "{B6C22D93-CC2F-4C0A-B8A0-CB0D5BB3C709}"
EndProject
Global
	GlobalSection(SolutionConfigurationPlatforms) = preSolution
		Debug|Any CPU = Debug|Any CPU
		Release|Any CPU = Release|Any CPU
	EndGlobalSection
	GlobalSection(ProjectConfigurationPlatforms) = postSolution
		{4C5C85FB-2179-4B1E-8619-1DC684552E87}.Debug|Any CPU.ActiveCfg = Debug|Any CPU
		{4C5C85FB-2179-4B1E-8619-1DC684552E87}.Debug|Any CPU.Build.0 = Debug|Any CPU
		{4C5C85FB-2179-4B1E-8619-1DC684552E87}.Release|Any CPU.ActiveCfg = Release|Any CPU
		{4C5C85FB-2179-4B1E-8619-1DC684552E87}.Release|Any CPU.Build.0 = Release|Any CPU
		{1F715558-D442-4E15-A0E5-4E54FC9C6226}.Debug|Any CPU.ActiveCfg = Debug|Any CPU
		{1F715558-D442-4E15-A0E5-4E54FC9C6226}.Debug|Any CPU.Build.0 = Debug|Any CPU
		{1F715558-D442-4E15-A0E5-4E54FC9C6226}.Release|Any CPU.ActiveCfg = Release|Any CPU
		{1F715558-D442-4E15-A0E5-4E54FC9C6226}.Release|Any CPU.Build.0 = Release|Any CPU
		{B6C22D93-CC2F-4C0A-B8A0-CB0D5BB3C709}.Debug|Any CPU.ActiveCfg = Debug|Any CPU
		{B6C22D93-CC2F-4C0A-B8A0-CB0D5BB3C709}.Debug|Any CPU.Build.0 = Debug|Any CPU
		{B6C22D93-CC2F-4C0A-B8A0-CB0D5BB3C709}.Release|Any CPU.ActiveCfg = Release|Any CPU
		{B6C22D93-CC2F-4C0A-B8A0-CB0D5BB3C709}.Release|Any CPU.Build.0 = Release|Any CPU
	EndGlobalSection
	GlobalSection(SolutionProperties) = preSolution
		HideSolutionNode = FALSE
	EndGlobalSection
	GlobalSection(ExtensibilityGlobals) = postSolution
		SolutionGuid = {B772E651-4364-4E18-8F9E-CFCAEEE16BF2}
	EndGlobalSection
EndGlobal
